{
  "name": "Portfolio",
  "lockfileVersion": 2,
  "requires": true,
  "packages": {
    "": {
      "dependencies": {
        "panelsnap": "^1.3.0"
      }
    },
    "node_modules/panelsnap": {
      "version": "1.3.0",
      "resolved": "https://registry.npmjs.org/panelsnap/-/panelsnap-1.3.0.tgz",
      "integrity": "sha512-nxX7oAMVU516lAN8CZZHuECaENI85qDRhgU0jIPxqeVssnfSPBvQhIqaCtCscw8H+wMjaeQBb5XGkqhUbhTAHA==",
      "dependencies": {
        "tweezer.js": "^1.4.0"
      }
    },
    "node_modules/tweezer.js": {
      "version": "1.5.0",
      "resolved": "https://registry.npmjs.org/tweezer.js/-/tweezer.js-1.5.0.tgz",
      "integrity": "sha512-aSiJz7rGWNAQq7hjMK9ZYDuEawXupcCWgl3woQQSoDP2Oh8O4srWb/uO1PzzHIsrPEOqrjJ2sUb9FERfzuBabQ=="
    }
  },
  "dependencies": {
    "panelsnap": {
      "version": "1.3.0",
      "resolved": "https://registry.npmjs.org/panelsnap/-/panelsnap-1.3.0.tgz",
      "integrity": "sha512-nxX7oAMVU516lAN8CZZHuECaENI85qDRhgU0jIPxqeVssnfSPBvQhIqaCtCscw8H+wMjaeQBb5XGkqhUbhTAHA==",
      "requires": {
        "tweezer.js": "^1.4.0"
      }
    },
    "tweezer.js": {
      "version": "1.5.0",
      "resolved": "https://registry.npmjs.org/tweezer.js/-/tweezer.js-1.5.0.tgz",
      "integrity": "sha512-aSiJz7rGWNAQq7hjMK9ZYDuEawXupcCWgl3woQQSoDP2Oh8O4srWb/uO1PzzHIsrPEOqrjJ2sUb9FERfzuBabQ=="
    }
  }
}
